
Microsoft Visual Studio Solution File, Format Version 12.00
# Visual Studio 15
VisualStudioVersion = 15.0.28307.168
MinimumVisualStudioVersion = 10.0.40219.1
Project("{9A19103F-16F7-4668-BE54-9A1E7A4F7556}") = "EmailSenderProgram", "EmailSenderProgram\EmailSenderProgram.csproj", "{F7C9E1DF-EEF4-4BEC-9569-A29926C1D6DF}"
EndProject
Project("{9A19103F-16F7-4668-BE54-9A1E7A4F7556}") = "EmailSenderProgram.Tests", "EmailSenderProgram.Tests\EmailSenderProgram.Tests.csproj", "{D7DF42F9-5310-4CCC-B180-837D7176A5B2}"
EndProject
Global
	GlobalSection(SolutionConfigurationPlatforms) = preSolution
		Debug|Any CPU = Debug|Any CPU
		Release|Any CPU = Release|Any CPU
	EndGlobalSection
	GlobalSection(ProjectConfigurationPlatforms) = postSolution
		{F7C9E1DF-EEF4-4BEC-9569-A29926C1D6DF}.Debug|Any CPU.ActiveCfg = Debug|Any CPU
		{F7C9E1DF-EEF4-4BEC-9569-A29926C1D6DF}.Debug|Any CPU.Build.0 = Debug|Any CPU
		{F7C9E1DF-EEF4-4BEC-9569-A29926C1D6DF}.Release|Any CPU.ActiveCfg = Release|Any CPU
		{F7C9E1DF-EEF4-4BEC-9569-A29926C1D6DF}.Release|Any CPU.Build.0 = Release|Any CPU
		{D7DF42F9-5310-4CCC-B180-837D7176A5B2}.Debug|Any CPU.ActiveCfg = Debug|Any CPU
		{D7DF42F9-5310-4CCC-B180-837D7176A5B2}.Debug|Any CPU.Build.0 = Debug|Any CPU
		{D7DF42F9-5310-4CCC-B180-837D7176A5B2}.Release|Any CPU.ActiveCfg = Release|Any CPU
		{D7DF42F9-5310-4CCC-B180-837D7176A5B2}.Release|Any CPU.Build.0 = Release|Any CPU
	EndGlobalSection
	GlobalSection(SolutionProperties) = preSolution
		HideSolutionNode = FALSE
	EndGlobalSection
	GlobalSection(ExtensibilityGlobals) = postSolution
		SolutionGuid = {653C8FA9-8093-47D9-A72F-689802D2C51D}
	EndGlobalSection
EndGlobal
